{
  "nodes": {
    "firefox-addons": {
      "inputs": {
        "nixpkgs": [
          "nixpkgs"
        ]
      },
      "locked": {
        "dir": "pkgs/firefox-addons",
        "lastModified": 1780977789,
        "narHash": "sha256-UFJfQlvInbsVaTK5XC2lafdqWlwiNP5LuQFYfDKq6Dc=",
        "owner": "rycee",
        "repo": "nur-expressions",
        "rev": "0b627f105ea3baa2fa10308a6a67a8f8cbbb3e2a",
        "type": "gitlab"
      },
      "original": {
        "dir": "pkgs/firefox-addons",
        "owner": "rycee",
        "repo": "nur-expressions",
        "type": "gitlab"
      }
    },
    "home-manager": {
      "inputs": {
        "nixpkgs": [
          "nixpkgs"
        ]
      },
      "locked": {
        "lastModified": 1781009359,
        "narHash": "sha256-w/mZkRscTatf8NWyUstli8ROzM/eopxZzi0WRjoeYkU=",
        "owner": "nix-community",
        "repo": "home-manager",
        "rev": "c58ead12efcac436afffa93a22099a5595eb4157",
        "type": "github"
      },
      "original": {
        "owner": "nix-community",
        "repo": "home-manager",
        "type": "github"
      }
    },
    "nixpkgs": {
      "locked": {
        "lastModified": 1780749050,
        "narHash": "sha256-3av0pIjlOWQ6rDbNOmpUSvbNnJkGORQKKjb4LtCZsIY=",
        "owner": "NixOS",
        "repo": "nixpkgs",
        "rev": "a799d3e3886da994fa307f817a6bc705ae538eeb",
        "type": "github"
      },
      "original": {
        "owner": "NixOS",
        "ref": "nixos-unstable",
        "repo": "nixpkgs",
        "type": "github"
      }
    },
    "root": {
      "inputs": {
        "firefox-addons": "firefox-addons",
        "home-manager": "home-manager",
        "nixpkgs": "nixpkgs",
        "zen-browser": "zen-browser"
      }
    },
    "zen-browser": {
      "inputs": {
        "home-manager": [
          "home-manager"
        ],
        "nixpkgs": [
          "nixpkgs"
        ]
      },
      "locked": {
        "lastModified": 1780957638,
        "narHash": "sha256-NQ0WpkNDRR79BWGNmh1dpgchGJnALW7De71kaXD87nc=",
        "owner": "0xc000022070",
        "repo": "zen-browser-flake",
        "rev": "fc9b27eb5585548282004fac3f0d34fcf2f06467",
        "type": "github"
      },
      "original": {
        "owner": "0xc000022070",
        "repo": "zen-browser-flake",
        "type": "github"
      }
    }
  },
  "root": "root",
  "version": 7
}
